// !$*UTF8*$!
{
	archiveVersion = 1;
	classes = {
	};
	objectVersion = 46;
	objects = {

/* Begin PBXBuildFile section */
		1405604B17CA02FE00D8ED59 /* ABlock.cpp in Sources */ = {isa = PBXBuildFile; fileRef = 1405604517CA02FE00D8ED59 /* ABlock.cpp */; };
		1405604C17CA02FE00D8ED59 /* AContactListener.cpp in Sources */ = {isa = PBXBuildFile; fileRef = 1405604717CA02FE00D8ED59 /* AContactListener.cpp */; };
		1405604D17CA02FE00D8ED59 /* AntiAccel.cpp in Sources */ = {isa = PBXBuildFile; fileRef = 1405604917CA02FE00D8ED59 /* AntiAccel.cpp */; };
		1405606217CA031300D8ED59 /* Ball.cpp in Sources */ = {isa = PBXBuildFile; fileRef = 1405604E17CA031300D8ED59 /* Ball.cpp */; };
		1405606317CA031300D8ED59 /* EndZone.cpp in Sources */ = {isa = PBXBuildFile; fileRef = 1405605117CA031300D8ED59 /* EndZone.cpp */; };
		1405606417CA031300D8ED59 /* GLES-Render.cpp in Sources */ = {isa = PBXBuildFile; fileRef = 1405605417CA031300D8ED59 /* GLES-Render.cpp */; };
		1405606517CA031300D8ED59 /* Hole.cpp in Sources */ = {isa = PBXBuildFile; fileRef = 1405605617CA031300D8ED59 /* Hole.cpp */; };
		1405606617CA031300D8ED59 /* Level1Layer.cpp in Sources */ = {isa = PBXBuildFile; fileRef = 1405605817CA031300D8ED59 /* Level1Layer.cpp */; };
		1405606717CA031300D8ED59 /* Level2Layer.cpp in Sources */ = {isa = PBXBuildFile; fileRef = 1405605A17CA031300D8ED59 /* Level2Layer.cpp */; };
		1405606817CA031300D8ED59 /* Level3Layer.cpp in Sources */ = {isa = PBXBuildFile; fileRef = 1405605C17CA031300D8ED59 /* Level3Layer.cpp */; };
		1405606917CA031300D8ED59 /* MainMenuLayer.cpp in Sources */ = {isa = PBXBuildFile; fileRef = 1405605E17CA031300D8ED59 /* MainMenuLayer.cpp */; };
		1405606A17CA031300D8ED59 /* Thruster.cpp in Sources */ = {isa = PBXBuildFile; fileRef = 1405606017CA031300D8ED59 /* Thruster.cpp */; };
		1405606F17CA060800D8ED59 /* arial.ttf in Resources */ = {isa = PBXBuildFile; fileRef = 1405606D17CA060800D8ED59 /* arial.ttf */; };
		1405607017CA060800D8ED59 /* Marker Felt.ttf in Resources */ = {isa = PBXBuildFile; fileRef = 1405606E17CA060800D8ED59 /* Marker Felt.ttf */; };
		1405608217CA060E00D8ED59 /* backround.mp3 in Resources */ = {isa = PBXBuildFile; fileRef = 1405608117CA060E00D8ED59 /* backround.mp3 */; };
		15C64823165F391E007D4F18 /* Cocoa.framework in Frameworks */ = {isa = PBXBuildFile; fileRef = 15C64822165F391E007D4F18 /* Cocoa.framework */; };
		15C64825165F3934007D4F18 /* OpenGL.framework in Frameworks */ = {isa = PBXBuildFile; fileRef = 15C64824165F3934007D4F18 /* OpenGL.framework */; };
		15C64827165F394E007D4F18 /* QuartzCore.framework in Frameworks */ = {isa = PBXBuildFile; fileRef = 15C64826165F394E007D4F18 /* QuartzCore.framework */; };
		15C64829165F396B007D4F18 /* OpenAL.framework in Frameworks */ = {isa = PBXBuildFile; fileRef = 15C64828165F396B007D4F18 /* OpenAL.framework */; };
		15C6482B165F3979007D4F18 /* ApplicationServices.framework in Frameworks */ = {isa = PBXBuildFile; fileRef = 15C6482A165F3979007D4F18 /* ApplicationServices.framework */; };
		15C6482D165F3988007D4F18 /* AudioToolbox.framework in Frameworks */ = {isa = PBXBuildFile; fileRef = 15C6482C165F3988007D4F18 /* AudioToolbox.framework */; };
		15C6482F165F399D007D4F18 /* libz.dylib in Frameworks */ = {isa = PBXBuildFile; fileRef = 15C6482E165F399D007D4F18 /* libz.dylib */; };
		15C64831165F39AB007D4F18 /* libxml2.dylib in Frameworks */ = {isa = PBXBuildFile; fileRef = 15C64830165F39AB007D4F18 /* libxml2.dylib */; };
		15C64833165F3AFD007D4F18 /* Foundation.framework in Frameworks */ = {isa = PBXBuildFile; fileRef = 15C64832165F3AFD007D4F18 /* Foundation.framework */; };
		15C6498716633E65007D4F18 /* libcurl.a in Frameworks */ = {isa = PBXBuildFile; fileRef = 15C6498616633E65007D4F18 /* libcurl.a */; };
		1AF4C39717865FD400122817 /* libbox2d Mac.a in Frameworks */ = {isa = PBXBuildFile; fileRef = 1AF4C37817865FB200122817 /* libbox2d Mac.a */; };
		1AF4C39817865FD400122817 /* libchipmunk Mac.a in Frameworks */ = {isa = PBXBuildFile; fileRef = 1AF4C37617865FB200122817 /* libchipmunk Mac.a */; };
		1AF4C39917865FD400122817 /* libcocos2dx Mac.a in Frameworks */ = {isa = PBXBuildFile; fileRef = 1AF4C37217865FB200122817 /* libcocos2dx Mac.a */; };
		1AF4C39A17865FD400122817 /* libcocos2dx-extensions Mac.a in Frameworks */ = {isa = PBXBuildFile; fileRef = 1AF4C37417865FB200122817 /* libcocos2dx-extensions Mac.a */; };
		1AF4C39B17865FD400122817 /* libCocosDenshion Mac.a in Frameworks */ = {isa = PBXBuildFile; fileRef = 1AF4C37A17865FB200122817 /* libCocosDenshion Mac.a */; };
		1AFAF8C316D3884900DB1158 /* CloseNormal.png in Resources */ = {isa = PBXBuildFile; fileRef = 1AFAF8C016D3884900DB1158 /* CloseNormal.png */; };
		1AFAF8C416D3884900DB1158 /* CloseSelected.png in Resources */ = {isa = PBXBuildFile; fileRef = 1AFAF8C116D3884900DB1158 /* CloseSelected.png */; };
		1AFAF8C516D3884900DB1158 /* HelloWorld.png in Resources */ = {isa = PBXBuildFile; fileRef = 1AFAF8C216D3884900DB1158 /* HelloWorld.png */; };
		1AFAF8CA16D3886000DB1158 /* AppDelegate.cpp in Sources */ = {isa = PBXBuildFile; fileRef = 1AFAF8C616D3886000DB1158 /* AppDelegate.cpp */; };
		41BC70E415BF81A5006A0A6C /* AppController.mm in Sources */ = {isa = PBXBuildFile; fileRef = 41BC70DA15BF81A5006A0A6C /* AppController.mm */; };
		41BC70E515BF81A5006A0A6C /* InfoPlist.strings in Resources */ = {isa = PBXBuildFile; fileRef = 41BC70DC15BF81A5006A0A6C /* InfoPlist.strings */; };
		41BC70E615BF81A5006A0A6C /* MainMenu.xib in Resources */ = {isa = PBXBuildFile; fileRef = 41BC70DE15BF81A5006A0A6C /* MainMenu.xib */; };
		41BC70E715BF81A5006A0A6C /* Icon.icns in Resources */ = {isa = PBXBuildFile; fileRef = 41BC70E015BF81A5006A0A6C /* Icon.icns */; };
		41BC70E815BF81A5006A0A6C /* main.m in Sources */ = {isa = PBXBuildFile; fileRef = 41BC70E115BF81A5006A0A6C /* main.m */; };
/* End PBXBuildFile section */

/* Begin PBXContainerItemProxy section */
		1AF4C37117865FB200122817 /* PBXContainerItemProxy */ = {
			isa = PBXContainerItemProxy;
			containerPortal = 1AF4C35E17865FB100122817 /* cocos2d_libs.xcodeproj */;
			proxyType = 2;
			remoteGlobalIDString = 1551A33F158F2AB200E66CFE;
			remoteInfo = "cocos2dx Mac";
		};
		1AF4C37317865FB200122817 /* PBXContainerItemProxy */ = {
			isa = PBXContainerItemProxy;
			containerPortal = 1AF4C35E17865FB100122817 /* cocos2d_libs.xcodeproj */;
			proxyType = 2;
			remoteGlobalIDString = A03F2FD617814595006731B9;
			remoteInfo = "cocos2dx-extensions Mac";
		};
		1AF4C37517865FB200122817 /* PBXContainerItemProxy */ = {
			isa = PBXContainerItemProxy;
			containerPortal = 1AF4C35E17865FB100122817 /* cocos2d_libs.xcodeproj */;
			proxyType = 2;
			remoteGlobalIDString = A03F2CB81780BD04006731B9;
			remoteInfo = "chipmunk Mac";
		};
		1AF4C37717865FB200122817 /* PBXContainerItemProxy */ = {
			isa = PBXContainerItemProxy;
			containerPortal = 1AF4C35E17865FB100122817 /* cocos2d_libs.xcodeproj */;
			proxyType = 2;
			remoteGlobalIDString = A03F2D9B1780BDF7006731B9;
			remoteInfo = "box2d Mac";
		};
		1AF4C37917865FB200122817 /* PBXContainerItemProxy */ = {
			isa = PBXContainerItemProxy;
			containerPortal = 1AF4C35E17865FB100122817 /* cocos2d_libs.xcodeproj */;
			proxyType = 2;
			remoteGlobalIDString = A03F2ED617814268006731B9;
			remoteInfo = "CocosDenshion Mac";
		};
		1AF4C37B17865FB200122817 /* PBXContainerItemProxy */ = {
			isa = PBXContainerItemProxy;
			containerPortal = 1AF4C35E17865FB100122817 /* cocos2d_libs.xcodeproj */;
			proxyType = 2;
			remoteGlobalIDString = A03F31FD1781479B006731B9;
			remoteInfo = "jsbindings Mac";
		};
		1AF4C37D17865FB200122817 /* PBXContainerItemProxy */ = {
			isa = PBXContainerItemProxy;
			containerPortal = 1AF4C35E17865FB100122817 /* cocos2d_libs.xcodeproj */;
			proxyType = 2;
			remoteGlobalIDString = 1A6FB53017854BC300CDF010;
			remoteInfo = "luabindings Mac";
		};
		1AF4C37F17865FB200122817 /* PBXContainerItemProxy */ = {
			isa = PBXContainerItemProxy;
			containerPortal = 1AF4C35E17865FB100122817 /* cocos2d_libs.xcodeproj */;
			proxyType = 2;
			remoteGlobalIDString = A07A4D641783777C0073F6A7;
			remoteInfo = "cocos2dx iOS";
		};
		1AF4C38117865FB200122817 /* PBXContainerItemProxy */ = {
			isa = PBXContainerItemProxy;
			containerPortal = 1AF4C35E17865FB100122817 /* cocos2d_libs.xcodeproj */;
			proxyType = 2;
			remoteGlobalIDString = A07A4EFC1783867C0073F6A7;
			remoteInfo = "cocos2dx-extensions iOS";
		};
		1AF4C38317865FB200122817 /* PBXContainerItemProxy */ = {
			isa = PBXContainerItemProxy;
			containerPortal = 1AF4C35E17865FB100122817 /* cocos2d_libs.xcodeproj */;
			proxyType = 2;
			remoteGlobalIDString = A07A4F3B178387670073F6A7;
			remoteInfo = "chipmunk iOS";
		};
		1AF4C38517865FB200122817 /* PBXContainerItemProxy */ = {
			isa = PBXContainerItemProxy;
			containerPortal = 1AF4C35E17865FB100122817 /* cocos2d_libs.xcodeproj */;
			proxyType = 2;
			remoteGlobalIDString = A07A4F9E1783876B0073F6A7;
			remoteInfo = "box2d iOS";
		};
		1AF4C38717865FB200122817 /* PBXContainerItemProxy */ = {
			isa = PBXContainerItemProxy;
			containerPortal = 1AF4C35E17865FB100122817 /* cocos2d_libs.xcodeproj */;
			proxyType = 2;
			remoteGlobalIDString = A07A4FB4178387730073F6A7;
			remoteInfo = "CocosDenshion iOS";
		};
		1AF4C38917865FB200122817 /* PBXContainerItemProxy */ = {
			isa = PBXContainerItemProxy;
			containerPortal = 1AF4C35E17865FB100122817 /* cocos2d_libs.xcodeproj */;
			proxyType = 2;
			remoteGlobalIDString = A07A5030178387750073F6A7;
			remoteInfo = "jsbindings iOS";
		};
		1AF4C38B17865FB200122817 /* PBXContainerItemProxy */ = {
			isa = PBXContainerItemProxy;
			containerPortal = 1AF4C35E17865FB100122817 /* cocos2d_libs.xcodeproj */;
			proxyType = 2;
			remoteGlobalIDString = 1A119791178526AA00D62A44;
			remoteInfo = "luabindings iOS";
		};
/* End PBXContainerItemProxy section */

/* Begin PBXFileReference section */
		1405604417CA028200D8ED59 /* Prefix.pch */ = {isa = PBXFileReference; fileEncoding = 4; lastKnownFileType = sourcecode.c.h; path = Prefix.pch; sourceTree = SOURCE_ROOT; };
		1405604517CA02FE00D8ED59 /* ABlock.cpp */ = {isa = PBXFileReference; fileEncoding = 4; lastKnownFileType = sourcecode.cpp.cpp; name = ABlock.cpp; path = ../Classes/ABlock.cpp; sourceTree = "<group>"; };
		1405604617CA02FE00D8ED59 /* ABlock.h */ = {isa = PBXFileReference; fileEncoding = 4; lastKnownFileType = sourcecode.c.h; name = ABlock.h; path = ../Classes/ABlock.h; sourceTree = "<group>"; };
		1405604717CA02FE00D8ED59 /* AContactListener.cpp */ = {isa = PBXFileReference; fileEncoding = 4; lastKnownFileType = sourcecode.cpp.cpp; name = AContactListener.cpp; path = ../Classes/AContactListener.cpp; sourceTree = "<group>"; };
		1405604817CA02FE00D8ED59 /* AContactListener.h */ = {isa = PBXFileReference; fileEncoding = 4; lastKnownFileType = sourcecode.c.h; name = AContactListener.h; path = ../Classes/AContactListener.h; sourceTree = "<group>"; };
		1405604917CA02FE00D8ED59 /* AntiAccel.cpp */ = {isa = PBXFileReference; fileEncoding = 4; lastKnownFileType = sourcecode.cpp.cpp; name = AntiAccel.cpp; path = ../Classes/AntiAccel.cpp; sourceTree = "<group>"; };
		1405604A17CA02FE00D8ED59 /* AntiAccel.h */ = {isa = PBXFileReference; fileEncoding = 4; lastKnownFileType = sourcecode.c.h; name = AntiAccel.h; path = ../Classes/AntiAccel.h; sourceTree = "<group>"; };
		1405604E17CA031300D8ED59 /* Ball.cpp */ = {isa = PBXFileReference; fileEncoding = 4; lastKnownFileType = sourcecode.cpp.cpp; name = Ball.cpp; path = ../Classes/Ball.cpp; sourceTree = "<group>"; };
		1405604F17CA031300D8ED59 /* Ball.h */ = {isa = PBXFileReference; fileEncoding = 4; lastKnownFileType = sourcecode.c.h; name = Ball.h; path = ../Classes/Ball.h; sourceTree = "<group>"; };
		1405605017CA031300D8ED59 /* Definitions.h */ = {isa = PBXFileReference; fileEncoding = 4; lastKnownFileType = sourcecode.c.h; name = Definitions.h; path = ../Classes/Definitions.h; sourceTree = "<group>"; };
		1405605117CA031300D8ED59 /* EndZone.cpp */ = {isa = PBXFileReference; fileEncoding = 4; lastKnownFileType = sourcecode.cpp.cpp; name = EndZone.cpp; path = ../Classes/EndZone.cpp; sourceTree = "<group>"; };
		1405605217CA031300D8ED59 /* EndZone.h */ = {isa = PBXFileReference; fileEncoding = 4; lastKnownFileType = sourcecode.c.h; name = EndZone.h; path = ../Classes/EndZone.h; sourceTree = "<group>"; };
		1405605317CA031300D8ED59 /* Entity.h */ = {isa = PBXFileReference; fileEncoding = 4; lastKnownFileType = sourcecode.c.h; name = Entity.h; path = ../Classes/Entity.h; sourceTree = "<group>"; };
		1405605417CA031300D8ED59 /* GLES-Render.cpp */ = {isa = PBXFileReference; fileEncoding = 4; lastKnownFileType = sourcecode.cpp.cpp; name = "GLES-Render.cpp"; path = "../Classes/GLES-Render.cpp"; sourceTree = "<group>"; };
		1405605517CA031300D8ED59 /* GLES-Render.h */ = {isa = PBXFileReference; fileEncoding = 4; lastKnownFileType = sourcecode.c.h; name = "GLES-Render.h"; path = "../Classes/GLES-Render.h"; sourceTree = "<group>"; };
		1405605617CA031300D8ED59 /* Hole.cpp */ = {isa = PBXFileReference; fileEncoding = 4; lastKnownFileType = sourcecode.cpp.cpp; name = Hole.cpp; path = ../Classes/Hole.cpp; sourceTree = "<group>"; };
		1405605717CA031300D8ED59 /* Hole.h */ = {isa = PBXFileReference; fileEncoding = 4; lastKnownFileType = sourcecode.c.h; name = Hole.h; path = ../Classes/Hole.h; sourceTree = "<group>"; };
		1405605817CA031300D8ED59 /* Level1Layer.cpp */ = {isa = PBXFileReference; fileEncoding = 4; lastKnownFileType = sourcecode.cpp.cpp; name = Level1Layer.cpp; path = ../Classes/Level1Layer.cpp; sourceTree = "<group>"; };
		1405605917CA031300D8ED59 /* Level1Layer.h */ = {isa = PBXFileReference; fileEncoding = 4; lastKnownFileType = sourcecode.c.h; name = Level1Layer.h; path = ../Classes/Level1Layer.h; sourceTree = "<group>"; };
		1405605A17CA031300D8ED59 /* Level2Layer.cpp */ = {isa = PBXFileReference; fileEncoding = 4; lastKnownFileType = sourcecode.cpp.cpp; name = Level2Layer.cpp; path = ../Classes/Level2Layer.cpp; sourceTree = "<group>"; };
		1405605B17CA031300D8ED59 /* Level2Layer.h */ = {isa = PBXFileReference; fileEncoding = 4; lastKnownFileType = sourcecode.c.h; name = Level2Layer.h; path = ../Classes/Level2Layer.h; sourceTree = "<group>"; };
		1405605C17CA031300D8ED59 /* Level3Layer.cpp */ = {isa = PBXFileReference; fileEncoding = 4; lastKnownFileType = sourcecode.cpp.cpp; name = Level3Layer.cpp; path = ../Classes/Level3Layer.cpp; sourceTree = "<group>"; };
		1405605D17CA031300D8ED59 /* Level3Layer.h */ = {isa = PBXFileReference; fileEncoding = 4; lastKnownFileType = sourcecode.c.h; name = Level3Layer.h; path = ../Classes/Level3Layer.h; sourceTree = "<group>"; };
		1405605E17CA031300D8ED59 /* MainMenuLayer.cpp */ = {isa = PBXFileReference; fileEncoding = 4; lastKnownFileType = sourcecode.cpp.cpp; name = MainMenuLayer.cpp; path = ../Classes/MainMenuLayer.cpp; sourceTree = "<group>"; };
		1405605F17CA031300D8ED59 /* MainMenuLayer.h */ = {isa = PBXFileReference; fileEncoding = 4; lastKnownFileType = sourcecode.c.h; name = MainMenuLayer.h; path = ../Classes/MainMenuLayer.h; sourceTree = "<group>"; };
		1405606017CA031300D8ED59 /* Thruster.cpp */ = {isa = PBXFileReference; fileEncoding = 4; lastKnownFileType = sourcecode.cpp.cpp; name = Thruster.cpp; path = ../Classes/Thruster.cpp; sourceTree = "<group>"; };
		1405606117CA031300D8ED59 /* Thruster.h */ = {isa = PBXFileReference; fileEncoding = 4; lastKnownFileType = sourcecode.c.h; name = Thruster.h; path = ../Classes/Thruster.h; sourceTree = "<group>"; };
		1405606D17CA060800D8ED59 /* arial.ttf */ = {isa = PBXFileReference; lastKnownFileType = file; path = arial.ttf; sourceTree = "<group>"; };
		1405606E17CA060800D8ED59 /* Marker Felt.ttf */ = {isa = PBXFileReference; lastKnownFileType = file; path = "Marker Felt.ttf"; sourceTree = "<group>"; };
		1405608117CA060E00D8ED59 /* backround.mp3 */ = {isa = PBXFileReference; lastKnownFileType = audio.mp3; path = backround.mp3; sourceTree = "<group>"; };
		15C64822165F391E007D4F18 /* Cocoa.framework */ = {isa = PBXFileReference; lastKnownFileType = wrapper.framework; name = Cocoa.framework; path = Platforms/MacOSX.platform/Developer/SDKs/MacOSX10.8.sdk/System/Library/Frameworks/Cocoa.framework; sourceTree = DEVELOPER_DIR; };
		15C64824165F3934007D4F18 /* OpenGL.framework */ = {isa = PBXFileReference; lastKnownFileType = wrapper.framework; name = OpenGL.framework; path = Platforms/MacOSX.platform/Developer/SDKs/MacOSX10.8.sdk/System/Library/Frameworks/OpenGL.framework; sourceTree = DEVELOPER_DIR; };
		15C64826165F394E007D4F18 /* QuartzCore.framework */ = {isa = PBXFileReference; lastKnownFileType = wrapper.framework; name = QuartzCore.framework; path = Platforms/MacOSX.platform/Developer/SDKs/MacOSX10.8.sdk/System/Library/Frameworks/QuartzCore.framework; sourceTree = DEVELOPER_DIR; };
		15C64828165F396B007D4F18 /* OpenAL.framework */ = {isa = PBXFileReference; lastKnownFileType = wrapper.framework; name = OpenAL.framework; path = Platforms/MacOSX.platform/Developer/SDKs/MacOSX10.8.sdk/System/Library/Frameworks/OpenAL.framework; sourceTree = DEVELOPER_DIR; };
		15C6482A165F3979007D4F18 /* ApplicationServices.framework */ = {isa = PBXFileReference; lastKnownFileType = wrapper.framework; name = ApplicationServices.framework; path = Platforms/MacOSX.platform/Developer/SDKs/MacOSX10.8.sdk/System/Library/Frameworks/ApplicationServices.framework; sourceTree = DEVELOPER_DIR; };
		15C6482C165F3988007D4F18 /* AudioToolbox.framework */ = {isa = PBXFileReference; lastKnownFileType = wrapper.framework; name = AudioToolbox.framework; path = Platforms/MacOSX.platform/Developer/SDKs/MacOSX10.8.sdk/System/Library/Frameworks/AudioToolbox.framework; sourceTree = DEVELOPER_DIR; };
		15C6482E165F399D007D4F18 /* libz.dylib */ = {isa = PBXFileReference; lastKnownFileType = "compiled.mach-o.dylib"; name = libz.dylib; path = Platforms/MacOSX.platform/Developer/SDKs/MacOSX10.8.sdk/usr/lib/libz.dylib; sourceTree = DEVELOPER_DIR; };
		15C64830165F39AB007D4F18 /* libxml2.dylib */ = {isa = PBXFileReference; lastKnownFileType = "compiled.mach-o.dylib"; name = libxml2.dylib; path = Platforms/MacOSX.platform/Developer/SDKs/MacOSX10.8.sdk/usr/lib/libxml2.dylib; sourceTree = DEVELOPER_DIR; };
		15C64832165F3AFD007D4F18 /* Foundation.framework */ = {isa = PBXFileReference; lastKnownFileType = wrapper.framework; name = Foundation.framework; path = Platforms/MacOSX.platform/Developer/SDKs/MacOSX10.8.sdk/System/Library/Frameworks/Foundation.framework; sourceTree = DEVELOPER_DIR; };
		15C6498616633E65007D4F18 /* libcurl.a */ = {isa = PBXFileReference; lastKnownFileType = archive.ar; name = libcurl.a; path = ../../cocos2dx/platform/third_party/ios/libraries/libcurl.a; sourceTree = "<group>"; };
		1AF4C35E17865FB100122817 /* cocos2d_libs.xcodeproj */ = {isa = PBXFileReference; lastKnownFileType = "wrapper.pb-project"; name = cocos2d_libs.xcodeproj; path = ../../../cocos2d_libs.xcodeproj; sourceTree = "<group>"; };
		1AFAF8C016D3884900DB1158 /* CloseNormal.png */ = {isa = PBXFileReference; lastKnownFileType = image.png; path = CloseNormal.png; sourceTree = "<group>"; };
		1AFAF8C116D3884900DB1158 /* CloseSelected.png */ = {isa = PBXFileReference; lastKnownFileType = image.png; path = CloseSelected.png; sourceTree = "<group>"; };
		1AFAF8C216D3884900DB1158 /* HelloWorld.png */ = {isa = PBXFileReference; lastKnownFileType = image.png; path = HelloWorld.png; sourceTree = "<group>"; };
		1AFAF8C616D3886000DB1158 /* AppDelegate.cpp */ = {isa = PBXFileReference; fileEncoding = 4; lastKnownFileType = sourcecode.cpp.cpp; name = AppDelegate.cpp; path = ../Classes/AppDelegate.cpp; sourceTree = "<group>"; };
		1AFAF8C716D3886000DB1158 /* AppDelegate.h */ = {isa = PBXFileReference; fileEncoding = 4; lastKnownFileType = sourcecode.c.h; name = AppDelegate.h; path = ../Classes/AppDelegate.h; sourceTree = "<group>"; };
		1D6058910D05DD3D006BFB54 /* Tilter2dx.app */ = {isa = PBXFileReference; explicitFileType = wrapper.application; includeInIndex = 0; path = Tilter2dx.app; sourceTree = BUILT_PRODUCTS_DIR; };
		41BC70D915BF81A5006A0A6C /* AppController.h */ = {isa = PBXFileReference; fileEncoding = 4; lastKnownFileType = sourcecode.c.h; path = AppController.h; sourceTree = SOURCE_ROOT; };
		41BC70DA15BF81A5006A0A6C /* AppController.mm */ = {isa = PBXFileReference; fileEncoding = 4; lastKnownFileType = sourcecode.cpp.objcpp; path = AppController.mm; sourceTree = SOURCE_ROOT; };
		41BC70DD15BF81A5006A0A6C /* en */ = {isa = PBXFileReference; lastKnownFileType = text.plist.strings; name = en; path = InfoPlist.strings; sourceTree = "<group>"; };
		41BC70DF15BF81A5006A0A6C /* en */ = {isa = PBXFileReference; lastKnownFileType = file.xib; name = en; path = MainMenu.xib; sourceTree = "<group>"; };
		41BC70E015BF81A5006A0A6C /* Icon.icns */ = {isa = PBXFileReference; lastKnownFileType = image.icns; path = Icon.icns; sourceTree = SOURCE_ROOT; };
		41BC70E115BF81A5006A0A6C /* main.m */ = {isa = PBXFileReference; fileEncoding = 4; lastKnownFileType = sourcecode.c.objc; path = main.m; sourceTree = SOURCE_ROOT; };
		41BC70E215BF81A5006A0A6C /* Info.plist */ = {isa = PBXFileReference; fileEncoding = 4; lastKnownFileType = text.plist.xml; path = Info.plist; sourceTree = SOURCE_ROOT; };
/* End PBXFileReference section */

/* Begin PBXFrameworksBuildPhase section */
		1D60588F0D05DD3D006BFB54 /* Frameworks */ = {
			isa = PBXFrameworksBuildPhase;
			buildActionMask = 2147483647;
			files = (
				1AF4C39717865FD400122817 /* libbox2d Mac.a in Frameworks */,
				1AF4C39817865FD400122817 /* libchipmunk Mac.a in Frameworks */,
				1AF4C39917865FD400122817 /* libcocos2dx Mac.a in Frameworks */,
				1AF4C39A17865FD400122817 /* libcocos2dx-extensions Mac.a in Frameworks */,
				1AF4C39B17865FD400122817 /* libCocosDenshion Mac.a in Frameworks */,
				15C6498716633E65007D4F18 /* libcurl.a in Frameworks */,
				15C64833165F3AFD007D4F18 /* Foundation.framework in Frameworks */,
				15C64831165F39AB007D4F18 /* libxml2.dylib in Frameworks */,
				15C6482F165F399D007D4F18 /* libz.dylib in Frameworks */,
				15C6482D165F3988007D4F18 /* AudioToolbox.framework in Frameworks */,
				15C6482B165F3979007D4F18 /* ApplicationServices.framework in Frameworks */,
				15C64829165F396B007D4F18 /* OpenAL.framework in Frameworks */,
				15C64827165F394E007D4F18 /* QuartzCore.framework in Frameworks */,
				15C64825165F3934007D4F18 /* OpenGL.framework in Frameworks */,
				15C64823165F391E007D4F18 /* Cocoa.framework in Frameworks */,
			);
			runOnlyForDeploymentPostprocessing = 0;
		};
/* End PBXFrameworksBuildPhase section */

/* Begin PBXGroup section */
		1405606C17CA060800D8ED59 /* fonts */ = {
			isa = PBXGroup;
			children = (
				1405606D17CA060800D8ED59 /* arial.ttf */,
				1405606E17CA060800D8ED59 /* Marker Felt.ttf */,
			);
			path = fonts;
			sourceTree = "<group>";
		};
		15AA9C4015B7EC450033D6C2 /* Classes */ = {
			isa = PBXGroup;
			children = (
				1405604E17CA031300D8ED59 /* Ball.cpp */,
				1405604F17CA031300D8ED59 /* Ball.h */,
				1405605017CA031300D8ED59 /* Definitions.h */,
				1405605117CA031300D8ED59 /* EndZone.cpp */,
				1405605217CA031300D8ED59 /* EndZone.h */,
				1405605317CA031300D8ED59 /* Entity.h */,
				1405605417CA031300D8ED59 /* GLES-Render.cpp */,
				1405605517CA031300D8ED59 /* GLES-Render.h */,
				1405605617CA031300D8ED59 /* Hole.cpp */,
				1405605717CA031300D8ED59 /* Hole.h */,
				1405605817CA031300D8ED59 /* Level1Layer.cpp */,
				1405605917CA031300D8ED59 /* Level1Layer.h */,
				1405605A17CA031300D8ED59 /* Level2Layer.cpp */,
				1405605B17CA031300D8ED59 /* Level2Layer.h */,
				1405605C17CA031300D8ED59 /* Level3Layer.cpp */,
				1405605D17CA031300D8ED59 /* Level3Layer.h */,
				1405605E17CA031300D8ED59 /* MainMenuLayer.cpp */,
				1405605F17CA031300D8ED59 /* MainMenuLayer.h */,
				1405606017CA031300D8ED59 /* Thruster.cpp */,
				1405606117CA031300D8ED59 /* Thruster.h */,
				1405604517CA02FE00D8ED59 /* ABlock.cpp */,
				1405604617CA02FE00D8ED59 /* ABlock.h */,
				1405604717CA02FE00D8ED59 /* AContactListener.cpp */,
				1405604817CA02FE00D8ED59 /* AContactListener.h */,
				1405604917CA02FE00D8ED59 /* AntiAccel.cpp */,
				1405604A17CA02FE00D8ED59 /* AntiAccel.h */,
				1AFAF8C616D3886000DB1158 /* AppDelegate.cpp */,
				1AFAF8C716D3886000DB1158 /* AppDelegate.h */,
			);
			name = Classes;
			path = ../classes;
			sourceTree = "<group>";
		};
		19C28FACFE9D520D11CA2CBB /* Products */ = {
			isa = PBXGroup;
			children = (
				1D6058910D05DD3D006BFB54 /* Tilter2dx.app */,
			);
			name = Products;
			sourceTree = "<group>";
		};
		1AF4C35F17865FB100122817 /* Products */ = {
			isa = PBXGroup;
			children = (
				1AF4C37217865FB200122817 /* libcocos2dx Mac.a */,
				1AF4C37417865FB200122817 /* libcocos2dx-extensions Mac.a */,
				1AF4C37617865FB200122817 /* libchipmunk Mac.a */,
				1AF4C37817865FB200122817 /* libbox2d Mac.a */,
				1AF4C37A17865FB200122817 /* libCocosDenshion Mac.a */,
				1AF4C37C17865FB200122817 /* libjsbindings Mac.a */,
				1AF4C37E17865FB200122817 /* libluabindings Mac.a */,
				1AF4C38017865FB200122817 /* libcocos2dx iOS.a */,
				1AF4C38217865FB200122817 /* libcocos2dx-extensions iOS.a */,
				1AF4C38417865FB200122817 /* libchipmunk iOS.a */,
				1AF4C38617865FB200122817 /* libbox2d iOS.a */,
				1AF4C38817865FB200122817 /* libCocosDenshion iOS.a */,
				1AF4C38A17865FB200122817 /* libjsbindings iOS.a */,
				1AF4C38C17865FB200122817 /* libluabindings iOS.a */,
			);
			name = Products;
			sourceTree = "<group>";
		};
		29B97314FDCFA39411CA2CEA /* CustomTemplate */ = {
			isa = PBXGroup;
			children = (
				1AF4C35E17865FB100122817 /* cocos2d_libs.xcodeproj */,
				15AA9C4015B7EC450033D6C2 /* Classes */,
				29B97323FDCFA39411CA2CEA /* Frameworks */,
				41BC70D815BF818D006A0A6C /* mac */,
				19C28FACFE9D520D11CA2CBB /* Products */,
				78C7DDAA14EBA5050085D0C2 /* Resources */,
			);
			name = CustomTemplate;
			sourceTree = "<group>";
		};
		29B97323FDCFA39411CA2CEA /* Frameworks */ = {
			isa = PBXGroup;
			children = (
				15C6498616633E65007D4F18 /* libcurl.a */,
				15C64830165F39AB007D4F18 /* libxml2.dylib */,
				15C6482E165F399D007D4F18 /* libz.dylib */,
				15C6482C165F3988007D4F18 /* AudioToolbox.framework */,
				15C6482A165F3979007D4F18 /* ApplicationServices.framework */,
				15C64828165F396B007D4F18 /* OpenAL.framework */,
				15C64826165F394E007D4F18 /* QuartzCore.framework */,
				15C64824165F3934007D4F18 /* OpenGL.framework */,
				15C64822165F391E007D4F18 /* Cocoa.framework */,
				15C64832165F3AFD007D4F18 /* Foundation.framework */,
			);
			name = Frameworks;
			sourceTree = "<group>";
		};
		41BC70D815BF818D006A0A6C /* mac */ = {
			isa = PBXGroup;
			children = (
				1405604417CA028200D8ED59 /* Prefix.pch */,
				41BC70D915BF81A5006A0A6C /* AppController.h */,
				41BC70DA15BF81A5006A0A6C /* AppController.mm */,
				41BC70DB15BF81A5006A0A6C /* en.lproj */,
				41BC70E015BF81A5006A0A6C /* Icon.icns */,
				41BC70E115BF81A5006A0A6C /* main.m */,
				41BC70E215BF81A5006A0A6C /* Info.plist */,
			);
			name = mac;
			path = ../Resources;
			sourceTree = "<group>";
		};
		41BC70DB15BF81A5006A0A6C /* en.lproj */ = {
			isa = PBXGroup;
			children = (
				41BC70DC15BF81A5006A0A6C /* InfoPlist.strings */,
				41BC70DE15BF81A5006A0A6C /* MainMenu.xib */,
			);
			path = en.lproj;
			sourceTree = SOURCE_ROOT;
		};
		78C7DDAA14EBA5050085D0C2 /* Resources */ = {
			isa = PBXGroup;
			children = (
				1405608117CA060E00D8ED59 /* backround.mp3 */,
				1405606C17CA060800D8ED59 /* fonts */,
				1AFAF8C016D3884900DB1158 /* CloseNormal.png */,
				1AFAF8C116D3884900DB1158 /* CloseSelected.png */,
				1AFAF8C216D3884900DB1158 /* HelloWorld.png */,
			);
			name = Resources;
			path = ../Resources;
			sourceTree = "<group>";
		};
/* End PBXGroup section */

/* Begin PBXNativeTarget section */
		1D6058900D05DD3D006BFB54 /* HelloCpp */ = {
			isa = PBXNativeTarget;
			buildConfigurationList = 1D6058960D05DD3E006BFB54 /* Build configuration list for PBXNativeTarget "HelloCpp" */;
			buildPhases = (
				1D60588D0D05DD3D006BFB54 /* Resources */,
				1D60588E0D05DD3D006BFB54 /* Sources */,
				1D60588F0D05DD3D006BFB54 /* Frameworks */,
			);
			buildRules = (
			);
			dependencies = (
			);
			name = HelloCpp;
			productName = iphone;
			productReference = 1D6058910D05DD3D006BFB54 /* Tilter2dx.app */;
			productType = "com.apple.product-type.application";
		};
/* End PBXNativeTarget section */

/* Begin PBXProject section */
		29B97313FDCFA39411CA2CEA /* Project object */ = {
			isa = PBXProject;
			attributes = {
				LastUpgradeCheck = 0430;
			};
			buildConfigurationList = C01FCF4E08A954540054247B /* Build configuration list for PBXProject "HelloCpp" */;
			compatibilityVersion = "Xcode 3.2";
			developmentRegion = English;
			hasScannedForEncodings = 1;
			knownRegions = (
				English,
				Japanese,
				French,
				German,
				en,
			);
			mainGroup = 29B97314FDCFA39411CA2CEA /* CustomTemplate */;
			projectDirPath = "";
			projectReferences = (
				{
					ProductGroup = 1AF4C35F17865FB100122817 /* Products */;
					ProjectRef = 1AF4C35E17865FB100122817 /* cocos2d_libs.xcodeproj */;
				},
			);
			projectRoot = "";
			targets = (
				1D6058900D05DD3D006BFB54 /* HelloCpp */,
			);
		};
/* End PBXProject section */

/* Begin PBXReferenceProxy section */
		1AF4C37217865FB200122817 /* libcocos2dx Mac.a */ = {
			isa = PBXReferenceProxy;
			fileType = archive.ar;
			path = "libcocos2dx Mac.a";
			remoteRef = 1AF4C37117865FB200122817 /* PBXContainerItemProxy */;
			sourceTree = BUILT_PRODUCTS_DIR;
		};
		1AF4C37417865FB200122817 /* libcocos2dx-extensions Mac.a */ = {
			isa = PBXReferenceProxy;
			fileType = archive.ar;
			path = "libcocos2dx-extensions Mac.a";
			remoteRef = 1AF4C37317865FB200122817 /* PBXContainerItemProxy */;
			sourceTree = BUILT_PRODUCTS_DIR;
		};
		1AF4C37617865FB200122817 /* libchipmunk Mac.a */ = {
			isa = PBXReferenceProxy;
			fileType = archive.ar;
			path = "libchipmunk Mac.a";
			remoteRef = 1AF4C37517865FB200122817 /* PBXContainerItemProxy */;
			sourceTree = BUILT_PRODUCTS_DIR;
		};
		1AF4C37817865FB200122817 /* libbox2d Mac.a */ = {
			isa = PBXReferenceProxy;
			fileType = archive.ar;
			path = "libbox2d Mac.a";
			remoteRef = 1AF4C37717865FB200122817 /* PBXContainerItemProxy */;
			sourceTree = BUILT_PRODUCTS_DIR;
		};
		1AF4C37A17865FB200122817 /* libCocosDenshion Mac.a */ = {
			isa = PBXReferenceProxy;
			fileType = archive.ar;
			path = "libCocosDenshion Mac.a";
			remoteRef = 1AF4C37917865FB200122817 /* PBXContainerItemProxy */;
			sourceTree = BUILT_PRODUCTS_DIR;
		};
		1AF4C37C17865FB200122817 /* libjsbindings Mac.a */ = {
			isa = PBXReferenceProxy;
			fileType = archive.ar;
			path = "libjsbindings Mac.a";
			remoteRef = 1AF4C37B17865FB200122817 /* PBXContainerItemProxy */;
			sourceTree = BUILT_PRODUCTS_DIR;
		};
		1AF4C37E17865FB200122817 /* libluabindings Mac.a */ = {
			isa = PBXReferenceProxy;
			fileType = archive.ar;
			path = "libluabindings Mac.a";
			remoteRef = 1AF4C37D17865FB200122817 /* PBXContainerItemProxy */;
			sourceTree = BUILT_PRODUCTS_DIR;
		};
		1AF4C38017865FB200122817 /* libcocos2dx iOS.a */ = {
			isa = PBXReferenceProxy;
			fileType = archive.ar;
			path = "libcocos2dx iOS.a";
			remoteRef = 1AF4C37F17865FB200122817 /* PBXContainerItemProxy */;
			sourceTree = BUILT_PRODUCTS_DIR;
		};
		1AF4C38217865FB200122817 /* libcocos2dx-extensions iOS.a */ = {
			isa = PBXReferenceProxy;
			fileType = archive.ar;
			path = "libcocos2dx-extensions iOS.a";
			remoteRef = 1AF4C38117865FB200122817 /* PBXContainerItemProxy */;
			sourceTree = BUILT_PRODUCTS_DIR;
		};
		1AF4C38417865FB200122817 /* libchipmunk iOS.a */ = {
			isa = PBXReferenceProxy;
			fileType = archive.ar;
			path = "libchipmunk iOS.a";
			remoteRef = 1AF4C38317865FB200122817 /* PBXContainerItemProxy */;
			sourceTree = BUILT_PRODUCTS_DIR;
		};
		1AF4C38617865FB200122817 /* libbox2d iOS.a */ = {
			isa = PBXReferenceProxy;
			fileType = archive.ar;
			path = "libbox2d iOS.a";
			remoteRef = 1AF4C38517865FB200122817 /* PBXContainerItemProxy */;
			sourceTree = BUILT_PRODUCTS_DIR;
		};
		1AF4C38817865FB200122817 /* libCocosDenshion iOS.a */ = {
			isa = PBXReferenceProxy;
			fileType = archive.ar;
			path = "libCocosDenshion iOS.a";
			remoteRef = 1AF4C38717865FB200122817 /* PBXContainerItemProxy */;
			sourceTree = BUILT_PRODUCTS_DIR;
		};
		1AF4C38A17865FB200122817 /* libjsbindings iOS.a */ = {
			isa = PBXReferenceProxy;
			fileType = archive.ar;
			path = "libjsbindings iOS.a";
			remoteRef = 1AF4C38917865FB200122817 /* PBXContainerItemProxy */;
			sourceTree = BUILT_PRODUCTS_DIR;
		};
		1AF4C38C17865FB200122817 /* libluabindings iOS.a */ = {
			isa = PBXReferenceProxy;
			fileType = archive.ar;
			path = "libluabindings iOS.a";
			remoteRef = 1AF4C38B17865FB200122817 /* PBXContainerItemProxy */;
			sourceTree = BUILT_PRODUCTS_DIR;
		};
/* End PBXReferenceProxy section */

/* Begin PBXResourcesBuildPhase section */
		1D60588D0D05DD3D006BFB54 /* Resources */ = {
			isa = PBXResourcesBuildPhase;
			buildActionMask = 2147483647;
			files = (
				41BC70E515BF81A5006A0A6C /* InfoPlist.strings in Resources */,
				41BC70E615BF81A5006A0A6C /* MainMenu.xib in Resources */,
				41BC70E715BF81A5006A0A6C /* Icon.icns in Resources */,
				1AFAF8C316D3884900DB1158 /* CloseNormal.png in Resources */,
				1AFAF8C416D3884900DB1158 /* CloseSelected.png in Resources */,
				1AFAF8C516D3884900DB1158 /* HelloWorld.png in Resources */,
				1405606F17CA060800D8ED59 /* arial.ttf in Resources */,
				1405607017CA060800D8ED59 /* Marker Felt.ttf in Resources */,
				1405608217CA060E00D8ED59 /* backround.mp3 in Resources */,
			);
			runOnlyForDeploymentPostprocessing = 0;
		};
/* End PBXResourcesBuildPhase section */

/* Begin PBXSourcesBuildPhase section */
		1D60588E0D05DD3D006BFB54 /* Sources */ = {
			isa = PBXSourcesBuildPhase;
			buildActionMask = 2147483647;
			files = (
				41BC70E415BF81A5006A0A6C /* AppController.mm in Sources */,
				41BC70E815BF81A5006A0A6C /* main.m in Sources */,
				1AFAF8CA16D3886000DB1158 /* AppDelegate.cpp in Sources */,
				1405604B17CA02FE00D8ED59 /* ABlock.cpp in Sources */,
				1405604C17CA02FE00D8ED59 /* AContactListener.cpp in Sources */,
				1405604D17CA02FE00D8ED59 /* AntiAccel.cpp in Sources */,
				1405606217CA031300D8ED59 /* Ball.cpp in Sources */,
				1405606317CA031300D8ED59 /* EndZone.cpp in Sources */,
				1405606417CA031300D8ED59 /* GLES-Render.cpp in Sources */,
				1405606517CA031300D8ED59 /* Hole.cpp in Sources */,
				1405606617CA031300D8ED59 /* Level1Layer.cpp in Sources */,
				1405606717CA031300D8ED59 /* Level2Layer.cpp in Sources */,
				1405606817CA031300D8ED59 /* Level3Layer.cpp in Sources */,
				1405606917CA031300D8ED59 /* MainMenuLayer.cpp in Sources */,
				1405606A17CA031300D8ED59 /* Thruster.cpp in Sources */,
			);
			runOnlyForDeploymentPostprocessing = 0;
		};
/* End PBXSourcesBuildPhase section */

/* Begin PBXVariantGroup section */
		41BC70DC15BF81A5006A0A6C /* InfoPlist.strings */ = {
			isa = PBXVariantGroup;
			children = (
				41BC70DD15BF81A5006A0A6C /* en */,
			);
			name = InfoPlist.strings;
			sourceTree = "<group>";
		};
		41BC70DE15BF81A5006A0A6C /* MainMenu.xib */ = {
			isa = PBXVariantGroup;
			children = (
				41BC70DF15BF81A5006A0A6C /* en */,
			);
			name = MainMenu.xib;
			sourceTree = "<group>";
		};
/* End PBXVariantGroup section */

/* Begin XCBuildConfiguration section */
		1D6058940D05DD3E006BFB54 /* Debug */ = {
			isa = XCBuildConfiguration;
			buildSettings = {
				ALWAYS_SEARCH_USER_PATHS = NO;
				ARCHS = "$(ARCHS_STANDARD_64_BIT)";
				CLANG_CXX_LANGUAGE_STANDARD = "c++0x";
				CLANG_CXX_LIBRARY = "libc++";
				CODE_SIGN_IDENTITY = "";
				"CODE_SIGN_IDENTITY[sdk=iphoneos*]" = "";
				COPY_PHASE_STRIP = NO;
				GCC_DYNAMIC_NO_PIC = NO;
				GCC_INLINES_ARE_PRIVATE_EXTERN = NO;
				GCC_OPTIMIZATION_LEVEL = 0;
				GCC_PRECOMPILE_PREFIX_HEADER = YES;
				GCC_PREFIX_HEADER = Prefix.pch;
				GCC_PREPROCESSOR_DEFINITIONS = (
					"DEBUG=1",
					USE_FILE32API,
					CC_TARGET_OS_MAC,
					"COCOS2D_DEBUG=1",
					"CC_ENABLE_CHIPMUNK_INTEGRATION=1",
					CC_KEYBOARD_SUPPORT,
				);
				GCC_SYMBOLS_PRIVATE_EXTERN = NO;
				GCC_VERSION = "";
				HEADER_SEARCH_PATHS = (
					"$(SRCROOT)/../../../CocosDenshion/include",
					"\"$(SRCROOT)/../../../external/chipmunk/include/constraints\"",
					"\"$(SRCROOT)/../../../external/chipmunk/include/chipmunk\"",
					"\"$(SRCROOT)/../../../cocos2dx/kazmath/include\"",
					"\"$(SRCROOT)/../../../extensions\"",
					"\"$(SRCROOT)/../../../external\"",
					"\"$(SRCROOT)/../../../cocos2dx\"",
					"\"$(SRCROOT)/../../../cocos2dx/include\"",
					"\"$(SRCROOT)/../../../cocos2dx/platform/mac\"",
				);
				INFOPLIST_FILE = Info.plist;
				LIBRARY_SEARCH_PATHS = (
					"\"$(SRCROOT)/../../../cocos2dx/platform/third_party/mac/libraries\"",
					"\"$(SRCROOT)/../../../cocos2dx/platform/third_party/android/prebuilt/libcurl/libs/armeabi\"",
					"\"$(SRCROOT)/../../../cocos2dx/platform/third_party/android/prebuilt/libcurl/libs/armeabi-v7a\"",
					"\"$(SRCROOT)/../../../cocos2dx/platform/third_party/android/prebuilt/libcurl/libs/x86\"",
					"\"$(SRCROOT)/../../../cocos2dx/platform/third_party/android/prebuilt/libfreetype2/libs/armeabi\"",
					"\"$(SRCROOT)/../../../cocos2dx/platform/third_party/android/prebuilt/libfreetype2/libs/armeabi-v7a\"",
					"\"$(SRCROOT)/../../../cocos2dx/platform/third_party/android/prebuilt/libfreetype2/libs/x86\"",
					"\"$(SRCROOT)/../../../cocos2dx/platform/third_party/android/prebuilt/libjpeg/libs/armeabi\"",
					"\"$(SRCROOT)/../../../cocos2dx/platform/third_party/android/prebuilt/libjpeg/libs/armeabi-v7a\"",
					"\"$(SRCROOT)/../../../cocos2dx/platform/third_party/android/prebuilt/libjpeg/libs/x86\"",
					"\"$(SRCROOT)/../../../cocos2dx/platform/third_party/android/prebuilt/libpng/libs/armeabi\"",
					"\"$(SRCROOT)/../../../cocos2dx/platform/third_party/android/prebuilt/libpng/libs/armeabi-v7a\"",
					"\"$(SRCROOT)/../../../cocos2dx/platform/third_party/android/prebuilt/libpng/libs/x86\"",
					"\"$(SRCROOT)/../../../cocos2dx/platform/third_party/android/prebuilt/libtiff/libs/armeabi\"",
					"\"$(SRCROOT)/../../../cocos2dx/platform/third_party/android/prebuilt/libtiff/libs/armeabi-v7a\"",
					"\"$(SRCROOT)/../../../cocos2dx/platform/third_party/android/prebuilt/libtiff/libs/x86\"",
					"\"$(SRCROOT)/../../../cocos2dx/platform/third_party/android/prebuilt/libwebp/libs/armeabi\"",
					"\"$(SRCROOT)/../../../cocos2dx/platform/third_party/android/prebuilt/libwebp/libs/armeabi-v7a\"",
					"\"$(SRCROOT)/../../../cocos2dx/platform/third_party/android/prebuilt/libwebp/libs/x86\"",
					"\"$(SRCROOT)/../../../cocos2dx/platform/third_party/emscripten/libraries\"",
					"\"$(SRCROOT)/../../../cocos2dx/platform/third_party/ios/libraries\"",
					"\"$(SRCROOT)/../../../cocos2dx/platform/third_party/linux/libraries/lib64\"",
					"\"$(SRCROOT)/../../../cocos2dx/platform/third_party/linux/libraries\"",
					"\"$(SRCROOT)/../../../cocos2dx/platform/third_party/tizen/prebuilt/libwebp/libs/armv7l\"",
					"\"$(SRCROOT)/../../../cocos2dx/platform/third_party/tizen/prebuilt/libwebp/libs/x86\"",
					"\"$(SRCROOT)/../../../cocos2dx/platform/third_party/win32/libraries\"",
					"\"$(SRCROOT)/../../../external/libwebsockets/android/lib/armeabi\"",
					"\"$(SRCROOT)/../../../external/libwebsockets/android/lib/armeabi-v7a\"",
					"\"$(SRCROOT)/../../../external/libwebsockets/android/lib/x86\"",
					"\"$(SRCROOT)/../../../external/libwebsockets/ios/lib\"",
					"\"$(SRCROOT)/../../../external/libwebsockets/mac/lib\"",
					"\"$(SRCROOT)/../../../external/libwebsockets/tizen/lib/armv7l\"",
					"\"$(SRCROOT)/../../../external/libwebsockets/tizen/lib/x86\"",
					"\"$(SRCROOT)/../../../external/libwebsockets/win32/lib\"",
					"\"$(SRCROOT)/../../../external/sqlite3/libraries/win32\"",
					"\"$(SRCROOT)/../../../plugin/plugins/admob/proj.ios/Admob\"",
					"\"$(SRCROOT)/../../../plugin/plugins/flurry/proj.ios/FlurryAds\"",
					"\"$(SRCROOT)/../../../plugin/plugins/flurry/proj.ios\"",
					"\"$(SRCROOT)/../../../plugin/plugins/umeng/proj.ios\"",
					"\"$(SRCROOT)/Build/Products/Debug\"",
					"\"$(SRCROOT)/../../../scripting/javascript/spidermonkey-android/lib/armeabi\"",
					"\"$(SRCROOT)/../../../scripting/javascript/spidermonkey-android/lib/armeabi-v7a\"",
					"\"$(SRCROOT)/../../../scripting/javascript/spidermonkey-android/lib/x86\"",
					"\"$(SRCROOT)/../../../scripting/javascript/spidermonkey-ios/lib\"",
					"\"$(SRCROOT)/../../../scripting/javascript/spidermonkey-mac/lib\"",
					"\"$(SRCROOT)/../../../scripting/javascript/spidermonkey-win32/lib\"",
					"\"$(SRCROOT)/../../../scripting/lua/luajit/android/armeabi\"",
					"\"$(SRCROOT)/../../../scripting/lua/luajit/android/armeabi-v7a\"",
					"\"$(SRCROOT)/../../../scripting/lua/luajit/android/x86\"",
					"\"$(SRCROOT)/../../../scripting/lua/luajit/ios\"",
					"\"$(SRCROOT)/../../../scripting/lua/luajit/mac\"",
					"\"$(SRCROOT)/../../../scripting/lua/luajit/win32\"",
					"\"$(SRCROOT)/../../../tools/cocos2d-console/src/jsbcc_source/spidermonkey-ios/lib\"",
					"\"$(SRCROOT)/../../../tools/cocos2d-console/src/jsbcc_source/spidermonkey-win32/lib\"",
				);
				MACOSX_DEPLOYMENT_TARGET = 10.7;
				ONLY_ACTIVE_ARCH = YES;
				OTHER_CFLAGS = "-O2";
				PRODUCT_NAME = Tilter2dx;
				SDKROOT = macosx;
				USER_HEADER_SEARCH_PATHS = "";
				VALID_ARCHS = "i386 x86_64";
			};
			name = Debug;
		};
		1D6058950D05DD3E006BFB54 /* Release */ = {
			isa = XCBuildConfiguration;
			buildSettings = {
				ALWAYS_SEARCH_USER_PATHS = NO;
				ARCHS = "$(ARCHS_STANDARD_64_BIT)";
				CLANG_CXX_LANGUAGE_STANDARD = "c++0x";
				CLANG_CXX_LIBRARY = "libc++";
				CODE_SIGN_IDENTITY = "";
				"CODE_SIGN_IDENTITY[sdk=iphoneos*]" = "";
				COPY_PHASE_STRIP = YES;
				GCC_INLINES_ARE_PRIVATE_EXTERN = NO;
				GCC_OPTIMIZATION_LEVEL = 0;
				GCC_PRECOMPILE_PREFIX_HEADER = YES;
				GCC_PREFIX_HEADER = Prefix.pch;
				GCC_PREPROCESSOR_DEFINITIONS = (
					NDEBUG,
					CC_TARGET_OS_MAC,
					USE_FILE32API,
					"CC_ENABLE_CHIPMUNK_INTEGRATION=1",
					CC_KEYBOARD_SUPPORT,
				);
				GCC_SYMBOLS_PRIVATE_EXTERN = NO;
				GCC_VERSION = "";
				HEADER_SEARCH_PATHS = (
					"$(SRCROOT)/../../../CocosDenshion/include",
					"\"$(SRCROOT)/../../../external/chipmunk/include/constraints\"",
					"\"$(SRCROOT)/../../../external/chipmunk/include/chipmunk\"",
					"\"$(SRCROOT)/../../../cocos2dx/kazmath/include\"",
					"\"$(SRCROOT)/../../../extensions\"",
					"\"$(SRCROOT)/../../../external\"",
					"\"$(SRCROOT)/../../../cocos2dx\"",
					"\"$(SRCROOT)/../../../cocos2dx/include\"",
					"\"$(SRCROOT)/../../../cocos2dx/platform/mac\"",
				);
				INFOPLIST_FILE = Info.plist;
				LIBRARY_SEARCH_PATHS = (
					"\"$(SRCROOT)/../../../cocos2dx/platform/third_party/mac/libraries\"",
					"\"$(SRCROOT)/../../../cocos2dx/platform/third_party/android/prebuilt/libcurl/libs/armeabi\"",
					"\"$(SRCROOT)/../../../cocos2dx/platform/third_party/android/prebuilt/libcurl/libs/armeabi-v7a\"",
					"\"$(SRCROOT)/../../../cocos2dx/platform/third_party/android/prebuilt/libcurl/libs/x86\"",
					"\"$(SRCROOT)/../../../cocos2dx/platform/third_party/android/prebuilt/libfreetype2/libs/armeabi\"",
					"\"$(SRCROOT)/../../../cocos2dx/platform/third_party/android/prebuilt/libfreetype2/libs/armeabi-v7a\"",
					"\"$(SRCROOT)/../../../cocos2dx/platform/third_party/android/prebuilt/libfreetype2/libs/x86\"",
					"\"$(SRCROOT)/../../../cocos2dx/platform/third_party/android/prebuilt/libjpeg/libs/armeabi\"",
					"\"$(SRCROOT)/../../../cocos2dx/platform/third_party/android/prebuilt/libjpeg/libs/armeabi-v7a\"",
					"\"$(SRCROOT)/../../../cocos2dx/platform/third_party/android/prebuilt/libjpeg/libs/x86\"",
					"\"$(SRCROOT)/../../../cocos2dx/platform/third_party/android/prebuilt/libpng/libs/armeabi\"",
					"\"$(SRCROOT)/../../../cocos2dx/platform/third_party/android/prebuilt/libpng/libs/armeabi-v7a\"",
					"\"$(SRCROOT)/../../../cocos2dx/platform/third_party/android/prebuilt/libpng/libs/x86\"",
					"\"$(SRCROOT)/../../../cocos2dx/platform/third_party/android/prebuilt/libtiff/libs/armeabi\"",
					"\"$(SRCROOT)/../../../cocos2dx/platform/third_party/android/prebuilt/libtiff/libs/armeabi-v7a\"",
					"\"$(SRCROOT)/../../../cocos2dx/platform/third_party/android/prebuilt/libtiff/libs/x86\"",
					"\"$(SRCROOT)/../../../cocos2dx/platform/third_party/android/prebuilt/libwebp/libs/armeabi\"",
					"\"$(SRCROOT)/../../../cocos2dx/platform/third_party/android/prebuilt/libwebp/libs/armeabi-v7a\"",
					"\"$(SRCROOT)/../../../cocos2dx/platform/third_party/android/prebuilt/libwebp/libs/x86\"",
					"\"$(SRCROOT)/../../../cocos2dx/platform/third_party/emscripten/libraries\"",
					"\"$(SRCROOT)/../../../cocos2dx/platform/third_party/ios/libraries\"",
					"\"$(SRCROOT)/../../../cocos2dx/platform/third_party/linux/libraries/lib64\"",
					"\"$(SRCROOT)/../../../cocos2dx/platform/third_party/linux/libraries\"",
					"\"$(SRCROOT)/../../../cocos2dx/platform/third_party/tizen/prebuilt/libwebp/libs/armv7l\"",
					"\"$(SRCROOT)/../../../cocos2dx/platform/third_party/tizen/prebuilt/libwebp/libs/x86\"",
					"\"$(SRCROOT)/../../../cocos2dx/platform/third_party/win32/libraries\"",
					"\"$(SRCROOT)/../../../external/libwebsockets/android/lib/armeabi\"",
					"\"$(SRCROOT)/../../../external/libwebsockets/android/lib/armeabi-v7a\"",
					"\"$(SRCROOT)/../../../external/libwebsockets/android/lib/x86\"",
					"\"$(SRCROOT)/../../../external/libwebsockets/ios/lib\"",
					"\"$(SRCROOT)/../../../external/libwebsockets/mac/lib\"",
					"\"$(SRCROOT)/../../../external/libwebsockets/tizen/lib/armv7l\"",
					"\"$(SRCROOT)/../../../external/libwebsockets/tizen/lib/x86\"",
					"\"$(SRCROOT)/../../../external/libwebsockets/win32/lib\"",
					"\"$(SRCROOT)/../../../external/sqlite3/libraries/win32\"",
					"\"$(SRCROOT)/../../../plugin/plugins/admob/proj.ios/Admob\"",
					"\"$(SRCROOT)/../../../plugin/plugins/flurry/proj.ios/FlurryAds\"",
					"\"$(SRCROOT)/../../../plugin/plugins/flurry/proj.ios\"",
					"\"$(SRCROOT)/../../../plugin/plugins/umeng/proj.ios\"",
					"\"$(SRCROOT)/Build/Products/Debug\"",
					"\"$(SRCROOT)/../../../scripting/javascript/spidermonkey-android/lib/armeabi\"",
					"\"$(SRCROOT)/../../../scripting/javascript/spidermonkey-android/lib/armeabi-v7a\"",
					"\"$(SRCROOT)/../../../scripting/javascript/spidermonkey-android/lib/x86\"",
					"\"$(SRCROOT)/../../../scripting/javascript/spidermonkey-ios/lib\"",
					"\"$(SRCROOT)/../../../scripting/javascript/spidermonkey-mac/lib\"",
					"\"$(SRCROOT)/../../../scripting/javascript/spidermonkey-win32/lib\"",
					"\"$(SRCROOT)/../../../scripting/lua/luajit/android/armeabi\"",
					"\"$(SRCROOT)/../../../scripting/lua/luajit/android/armeabi-v7a\"",
					"\"$(SRCROOT)/../../../scripting/lua/luajit/android/x86\"",
					"\"$(SRCROOT)/../../../scripting/lua/luajit/ios\"",
					"\"$(SRCROOT)/../../../scripting/lua/luajit/mac\"",
					"\"$(SRCROOT)/../../../scripting/lua/luajit/win32\"",
					"\"$(SRCROOT)/../../../tools/cocos2d-console/src/jsbcc_source/spidermonkey-ios/lib\"",
					"\"$(SRCROOT)/../../../tools/cocos2d-console/src/jsbcc_source/spidermonkey-win32/lib\"",
				);
				MACOSX_DEPLOYMENT_TARGET = 10.7;
				PRODUCT_NAME = Tilter2dx;
				SDKROOT = macosx;
				USER_HEADER_SEARCH_PATHS = "";
				VALIDATE_PRODUCT = YES;
				VALID_ARCHS = "i386 x86_64";
			};
			name = Release;
		};
		C01FCF4F08A954540054247B /* Debug */ = {
			isa = XCBuildConfiguration;
			buildSettings = {
				ARCHS = "$(ARCHS_STANDARD_64_BIT)";
				GCC_C_LANGUAGE_STANDARD = c99;
				GCC_VERSION = "";
				GCC_WARN_ABOUT_RETURN_TYPE = YES;
				GCC_WARN_UNUSED_VARIABLE = YES;
				MACOSX_DEPLOYMENT_TARGET = 10.7;
				SDKROOT = macosx;
				VALID_ARCHS = "x86_64 i386";
			};
			name = Debug;
		};
		C01FCF5008A954540054247B /* Release */ = {
			isa = XCBuildConfiguration;
			buildSettings = {
				ARCHS = "$(ARCHS_STANDARD_64_BIT)";
				GCC_C_LANGUAGE_STANDARD = c99;
				GCC_VERSION = "";
				GCC_WARN_ABOUT_RETURN_TYPE = YES;
				GCC_WARN_UNUSED_VARIABLE = YES;
				MACOSX_DEPLOYMENT_TARGET = 10.7;
				OTHER_CFLAGS = "-DNS_BLOCK_ASSERTIONS=1";
				SDKROOT = macosx;
				VALID_ARCHS = "x86_64 i386";
			};
			name = Release;
		};
/* End XCBuildConfiguration section */

/* Begin XCConfigurationList section */
		1D6058960D05DD3E006BFB54 /* Build configuration list for PBXNativeTarget "HelloCpp" */ = {
			isa = XCConfigurationList;
			buildConfigurations = (
				1D6058940D05DD3E006BFB54 /* Debug */,
				1D6058950D05DD3E006BFB54 /* Release */,
			);
			defaultConfigurationIsVisible = 0;
			defaultConfigurationName = Debug;
		};
		C01FCF4E08A954540054247B /* Build configuration list for PBXProject "HelloCpp" */ = {
			isa = XCConfigurationList;
			buildConfigurations = (
				C01FCF4F08A954540054247B /* Debug */,
				C01FCF5008A954540054247B /* Release */,
			);
			defaultConfigurationIsVisible = 0;
			defaultConfigurationName = Debug;
		};
/* End XCConfigurationList section */
	};
	rootObject = 29B97313FDCFA39411CA2CEA /* Project object */;
}
